<?xml version="1.0" encoding="utf-8"?>
<Project ToolsVersion="4.0" xmlns="http://schemas.microsoft.com/developer/msbuild/2003">
  <ItemGroup>
    <ClCompile Include="hal.c" />
    <ClCompile Include="spinlock.c" />
    <ClCompile Include="idt.c" />
    <ClCompile Include="gdt.c" />
    <ClCompile Include="rtc.c" />
    <ClCompile Include="cmos.c" />
  </ItemGroup>
  <ItemGroup>
    <CustomBuild Include="interrupt.asm" />
    <CustomBuild Include="GDT.asm" />
    <CustomBuild Include="PIC.asm" />
    <CustomBuild Include="PIT.asm" />
    <CustomBuild Include="Port.asm" />
    <CustomBuild Include="memory.asm" />
    <CustomBuild Include="registers.asm" />
  </ItemGroup>
  <ItemGroup>
    <ClInclude Include="include\PCI.h" />
    <ClInclude Include="include\PCIIDE.h" />
    <ClInclude Include="include\ACPI.h" />
    <ClInclude Include="include\APIC.h" />
    <ClInclude Include="include\cmos.h" />
    <ClInclude Include="include\GDT.h" />
    <ClInclude Include="include\IDT.h" />
    <ClInclude Include="include\MP.h" />
    <ClInclude Include="include\msr.h" />
    <ClInclude Include="include\PIC.h" />
    <ClInclude Include="include\PIT.h" />
    <ClInclude Include="include\rtc.h" />
  </ItemGroup>
</Project>