<?xml version="1.0" encoding="utf-8"?>
<Project ToolsVersion="4.0" xmlns="http://schemas.microsoft.com/developer/msbuild/2003">
  <ItemGroup>
    <Filter Include="Source Files">
      <UniqueIdentifier>{4FC737F1-C7A5-4376-A066-2A32D752A2FF}</UniqueIdentifier>
      <Extensions>cpp;c;cc;cxx;def;odl;idl;hpj;bat;asm;asmx</Extensions>
    </Filter>
    <Filter Include="Header Files">
      <UniqueIdentifier>{93995380-89BD-4b04-88EB-625FBE52EBFB}</UniqueIdentifier>
      <Extensions>h;hh;hpp;hxx;hm;inl;inc;ipp;xsd</Extensions>
    </Filter>
    <Filter Include="Resource Files">
      <UniqueIdentifier>{67DA6AB6-F800-4c08-8B7A-83BB121AAD01}</UniqueIdentifier>
      <Extensions>rc;ico;cur;bmp;dlg;rc2;rct;bin;rgs;gif;jpg;jpeg;jpe;resx;tiff;tif;png;wav;mfcribbon-ms</Extensions>
    </Filter>
    <Filter Include="Source Files\video">
      <UniqueIdentifier>{a3a42fe4-c8b4-4d5d-a87d-e4f278736122}</UniqueIdentifier>
    </Filter>
    <Filter Include="Header Files\video">
      <UniqueIdentifier>{847b8be3-5b5d-43f6-aad7-30f707bff7de}</UniqueIdentifier>
    </Filter>
    <Filter Include="Source Files\memory">
      <UniqueIdentifier>{7d505c85-0283-481d-b62f-06fd834a35b1}</UniqueIdentifier>
    </Filter>
    <Filter Include="Header Files\memory">
      <UniqueIdentifier>{9412fc92-537d-4834-8778-5890a7dd8dc7}</UniqueIdentifier>
    </Filter>
    <Filter Include="Source Files\HAL">
      <UniqueIdentifier>{3165601d-65f2-49d7-bb25-49ad552ce279}</UniqueIdentifier>
    </Filter>
    <Filter Include="Header Files\HAL">
      <UniqueIdentifier>{b3d0895e-6219-4efa-a819-91c962a2b8d1}</UniqueIdentifier>
    </Filter>
    <Filter Include="Source Files\device">
      <UniqueIdentifier>{f22829b9-d36e-4851-8e19-d593f5976854}</UniqueIdentifier>
    </Filter>
    <Filter Include="Header Files\device">
      <UniqueIdentifier>{d1ff59bc-635b-411e-be6b-a75ceac6a801}</UniqueIdentifier>
    </Filter>
    <Filter Include="Source Files\multitasking">
      <UniqueIdentifier>{81e9bf0f-8cb7-49c5-8d4a-d9dc2477fb1b}</UniqueIdentifier>
    </Filter>
    <Filter Include="Header Files\multitasking">
      <UniqueIdentifier>{8ab5266d-35a8-48ab-b4c1-cb28a30243c5}</UniqueIdentifier>
    </Filter>
    <Filter Include="Source Files\HAL\PCI">
      <UniqueIdentifier>{1ca4b481-5749-4fd4-98ed-5b42cca6973d}</UniqueIdentifier>
    </Filter>
    <Filter Include="Header Files\HAL\PCI">
      <UniqueIdentifier>{a0e03c1f-a76c-4a18-9b72-96cbbdd7f946}</UniqueIdentifier>
    </Filter>
  </ItemGroup>
  <ItemGroup>
    <ClCompile Include="main.c">
      <Filter>Source Files</Filter>
    </ClCompile>
    <ClCompile Include="video\SimpleTextIO.c">
      <Filter>Source Files\video</Filter>
    </ClCompile>
    <ClCompile Include="memory\paging.c">
      <Filter>Source Files\memory</Filter>
    </ClCompile>
    <ClCompile Include="memory\physical_allocator.c">
      <Filter>Source Files\memory</Filter>
    </ClCompile>
    <ClCompile Include="memory\MemoryOperations.c">
      <Filter>Source Files\memory</Filter>
    </ClCompile>
    <ClCompile Include="HAL\IDT.c">
      <Filter>Source Files\HAL</Filter>
    </ClCompile>
    <ClCompile Include="device\Keyboard.c">
      <Filter>Source Files\device</Filter>
    </ClCompile>
    <ClCompile Include="HAL\PCI\PCI.c">
      <Filter>Source Files\HAL\PCI</Filter>
    </ClCompile>
  </ItemGroup>
  <ItemGroup>
    <ClInclude Include="nnxarg.h">
      <Filter>Header Files</Filter>
    </ClInclude>
    <ClInclude Include="nnxint.h">
      <Filter>Header Files</Filter>
    </ClInclude>
    <ClInclude Include="video\SimpleTextIO.h">
      <Filter>Header Files\video</Filter>
    </ClInclude>
    <ClInclude Include="memory\paging.h">
      <Filter>Header Files\memory</Filter>
    </ClInclude>
    <ClInclude Include="memory\physical_allocator.h">
      <Filter>Header Files\memory</Filter>
    </ClInclude>
    <ClInclude Include="memory\MemoryOperations.h">
      <Filter>Header Files\memory</Filter>
    </ClInclude>
    <ClInclude Include="HAL\GDT.h">
      <Filter>Header Files\HAL</Filter>
    </ClInclude>
    <ClInclude Include="HAL\IDT.h">
      <Filter>Header Files\HAL</Filter>
    </ClInclude>
    <ClInclude Include="HAL\PIC.h">
      <Filter>Header Files\HAL</Filter>
    </ClInclude>
    <ClInclude Include="device\Keyboard.h">
      <Filter>Header Files\device</Filter>
    </ClInclude>
    <ClInclude Include="HAL\Port.h">
      <Filter>Header Files\HAL</Filter>
    </ClInclude>
    <ClInclude Include="multitasking\Task.h">
      <Filter>Header Files\multitasking</Filter>
    </ClInclude>
    <ClInclude Include="HAL\PCI\PCI.h">
      <Filter>Header Files\HAL\PCI</Filter>
    </ClInclude>
  </ItemGroup>
  <ItemGroup>
    <None Include="HAL\func.inc">
      <Filter>Header Files\HAL</Filter>
    </None>
    <None Include="multitasking\Task.asm">
      <Filter>Source Files\multitasking</Filter>
    </None>
  </ItemGroup>
  <ItemGroup>
    <CustomBuild Include="HAL\Port.asm">
      <Filter>Source Files\HAL</Filter>
    </CustomBuild>
    <CustomBuild Include="HAL\IDT.asm">
      <Filter>Source Files\HAL</Filter>
    </CustomBuild>
    <CustomBuild Include="HAL\GDT.asm">
      <Filter>Source Files\HAL</Filter>
    </CustomBuild>
    <CustomBuild Include="HAL\memory.asm">
      <Filter>Source Files\HAL</Filter>
    </CustomBuild>
    <CustomBuild Include="HAL\PIC.asm">
      <Filter>Source Files\HAL</Filter>
    </CustomBuild>
  </ItemGroup>
</Project>