<?xml version="1.0" encoding="utf-8"?>
<Project ToolsVersion="4.0" xmlns="http://schemas.microsoft.com/developer/msbuild/2003">
  <ItemGroup>
    <Filter Include="Source Files">
      <UniqueIdentifier>{4FC737F1-C7A5-4376-A066-2A32D752A2FF}</UniqueIdentifier>
      <Extensions>cpp;c;cc;cxx;def;odl;idl;hpj;bat;asm;asmx</Extensions>
    </Filter>
    <Filter Include="Header Files">
      <UniqueIdentifier>{93995380-89BD-4b04-88EB-625FBE52EBFB}</UniqueIdentifier>
      <Extensions>h;hh;hpp;hxx;hm;inl;inc;ipp;xsd</Extensions>
    </Filter>
    <Filter Include="Resource Files">
      <UniqueIdentifier>{67DA6AB6-F800-4c08-8B7A-83BB121AAD01}</UniqueIdentifier>
      <Extensions>rc;ico;cur;bmp;dlg;rc2;rct;bin;rgs;gif;jpg;jpeg;jpe;resx;tiff;tif;png;wav;mfcribbon-ms</Extensions>
    </Filter>
    <Filter Include="Source Files\HAL">
      <UniqueIdentifier>{c00af12d-2ebb-4970-b25e-42c6580aee17}</UniqueIdentifier>
    </Filter>
    <Filter Include="Source Files\HAL\ACPI">
      <UniqueIdentifier>{7e50c7c8-9eb6-4814-b935-9a6bc856a503}</UniqueIdentifier>
    </Filter>
    <Filter Include="Header Files\HAL">
      <UniqueIdentifier>{c2f7a760-5bec-471c-b07a-5067b9ef57e3}</UniqueIdentifier>
    </Filter>
    <Filter Include="Header Files\HAL\ACPI">
      <UniqueIdentifier>{11c3447c-9905-4af9-bedc-f7e4cd9812ec}</UniqueIdentifier>
    </Filter>
    <Filter Include="Source Files\HAL\APIC">
      <UniqueIdentifier>{55971f77-cec4-4297-99e1-7d35cff3f398}</UniqueIdentifier>
    </Filter>
    <Filter Include="Header Files\HAL\APIC">
      <UniqueIdentifier>{e2d0935f-90cf-484b-be17-4890cf632633}</UniqueIdentifier>
    </Filter>
    <Filter Include="Source Files\HAL\MP">
      <UniqueIdentifier>{450e3bfb-0c48-4e74-943d-c4ab9f0cafb8}</UniqueIdentifier>
    </Filter>
    <Filter Include="Header Files\HAL\MP">
      <UniqueIdentifier>{48a04605-c1fb-42ca-8e42-4bc32919f042}</UniqueIdentifier>
    </Filter>
    <Filter Include="Source Files\HAL\X64">
      <UniqueIdentifier>{436245cc-38cb-4579-9d9b-725524e3ef70}</UniqueIdentifier>
    </Filter>
    <Filter Include="Header Files\HAL\X64">
      <UniqueIdentifier>{25f9cff4-bd9c-4b7e-83ca-b856f2e0893c}</UniqueIdentifier>
    </Filter>
    <Filter Include="Source Files\HAL\PCI">
      <UniqueIdentifier>{fadbe79b-54bb-4913-b30e-6ec33ffb4eb6}</UniqueIdentifier>
    </Filter>
    <Filter Include="Header Files\HAL\PCI">
      <UniqueIdentifier>{03642e8b-6ee6-40c2-8926-57d173438a46}</UniqueIdentifier>
    </Filter>
    <Filter Include="Source Files\memory">
      <UniqueIdentifier>{201d5ef0-0374-4ed4-a91d-9fc93f64a698}</UniqueIdentifier>
    </Filter>
    <Filter Include="Header Files\memory">
      <UniqueIdentifier>{25ac6afc-658d-4922-b648-54d222175c0c}</UniqueIdentifier>
    </Filter>
    <Filter Include="Source Files\video">
      <UniqueIdentifier>{fde8697f-75e1-449d-b7cd-e2ad2bc08d23}</UniqueIdentifier>
    </Filter>
    <Filter Include="Header Files\video">
      <UniqueIdentifier>{0535b129-2283-4e43-b3a6-fa3cdfaa6958}</UniqueIdentifier>
    </Filter>
    <Filter Include="Source Files\device">
      <UniqueIdentifier>{03ed654b-698a-47ac-acbb-3b9ebd47fe80}</UniqueIdentifier>
    </Filter>
    <Filter Include="Source Files\device\fs">
      <UniqueIdentifier>{aec3e9f3-2a0c-4add-be6d-fbb0d40185f9}</UniqueIdentifier>
    </Filter>
    <Filter Include="Source Files\device\hdd">
      <UniqueIdentifier>{4773a31b-f1ef-4ddb-9c9f-0b2377d8a32f}</UniqueIdentifier>
    </Filter>
    <Filter Include="Header Files\device">
      <UniqueIdentifier>{64f3e66d-8252-4e53-a564-e45bc68874c1}</UniqueIdentifier>
    </Filter>
    <Filter Include="Header Files\device\fs">
      <UniqueIdentifier>{c118f7df-be3c-42c1-bb12-ca8362efad3c}</UniqueIdentifier>
    </Filter>
    <Filter Include="Header Files\device\hdd">
      <UniqueIdentifier>{9803b5bf-ddd4-488e-98b6-b87550424d2e}</UniqueIdentifier>
    </Filter>
  </ItemGroup>
  <ItemGroup>
    <ClCompile Include="main.cpp">
      <Filter>Source Files</Filter>
    </ClCompile>
    <ClCompile Include="HAL\ACPI\ACPI.c">
      <Filter>Source Files\HAL\ACPI</Filter>
    </ClCompile>
    <ClCompile Include="HAL\ACPI\AML.cpp">
      <Filter>Source Files\HAL\ACPI</Filter>
    </ClCompile>
    <ClCompile Include="HAL\APIC\APIC.CPP">
      <Filter>Source Files\HAL\APIC</Filter>
    </ClCompile>
    <ClCompile Include="HAL\MP\MP.cpp">
      <Filter>Source Files\HAL\MP</Filter>
    </ClCompile>
    <ClCompile Include="HAL\spinlock.c">
      <Filter>Source Files\HAL</Filter>
    </ClCompile>
    <ClCompile Include="HAL\irql.c">
      <Filter>Source Files\HAL</Filter>
    </ClCompile>
    <ClCompile Include="HAL\X64\pcr.c">
      <Filter>Source Files\HAL\X64</Filter>
    </ClCompile>
    <ClCompile Include="bugcheck.c">
      <Filter>Source Files</Filter>
    </ClCompile>
    <ClCompile Include="HAL\X64\cpu.c">
      <Filter>Source Files\HAL\X64</Filter>
    </ClCompile>
    <ClCompile Include="HAL\X64\sheduler.c">
      <Filter>Source Files\HAL\X64</Filter>
    </ClCompile>
    <ClCompile Include="loadstub.c">
      <Filter>Source Files</Filter>
    </ClCompile>
    <ClCompile Include="main.c">
      <Filter>Source Files</Filter>
    </ClCompile>
    <ClCompile Include="text.c">
      <Filter>Source Files</Filter>
    </ClCompile>
    <ClCompile Include="HAL\IDT.c">
      <Filter>Source Files\HAL</Filter>
    </ClCompile>
    <ClCompile Include="HAL\PCI\PCI.c">
      <Filter>Source Files\HAL\PCI</Filter>
    </ClCompile>
    <ClCompile Include="HAL\PCI\PCIIDE.c">
      <Filter>Source Files\HAL\PCI</Filter>
    </ClCompile>
    <ClCompile Include="memory\MemoryOperations.c">
      <Filter>Source Files\memory</Filter>
    </ClCompile>
    <ClCompile Include="memory\nnxalloc.c">
      <Filter>Source Files\memory</Filter>
    </ClCompile>
    <ClCompile Include="memory\paging.c">
      <Filter>Source Files\memory</Filter>
    </ClCompile>
    <ClCompile Include="memory\physical_allocator.c">
      <Filter>Source Files\memory</Filter>
    </ClCompile>
    <ClCompile Include="video\SimpleTextIO.c">
      <Filter>Source Files\video</Filter>
    </ClCompile>
    <ClCompile Include="device\Keyboard.c">
      <Filter>Source Files\device</Filter>
    </ClCompile>
    <ClCompile Include="device\fs\fat.c">
      <Filter>Source Files\device\fs</Filter>
    </ClCompile>
    <ClCompile Include="device\fs\gpt.c">
      <Filter>Source Files\device\fs</Filter>
    </ClCompile>
    <ClCompile Include="device\fs\vfs.c">
      <Filter>Source Files\device\fs</Filter>
    </ClCompile>
    <ClCompile Include="device\hdd\hdd.c">
      <Filter>Source Files\device\hdd</Filter>
    </ClCompile>
    <ClCompile Include="nnxalloccpp.cpp">
      <Filter>Source Files</Filter>
    </ClCompile>
    <ClCompile Include="nnxlog.cpp">
      <Filter>Source Files</Filter>
    </ClCompile>
    <ClCompile Include="pool.c">
      <Filter>Source Files</Filter>
    </ClCompile>
  </ItemGroup>
  <ItemGroup>
    <ClInclude Include="HAL\ACPI\AML.h">
      <Filter>Header Files\HAL\ACPI</Filter>
    </ClInclude>
    <ClInclude Include="HAL\ACPI\AMLCPP.h">
      <Filter>Header Files\HAL\ACPI</Filter>
    </ClInclude>
    <ClInclude Include="HAL\APIC\APIC.h">
      <Filter>Header Files\HAL\APIC</Filter>
    </ClInclude>
    <ClInclude Include="HAL\MP\MP.h">
      <Filter>Header Files\HAL\MP</Filter>
    </ClInclude>
    <ClInclude Include="HAL\irql.h">
      <Filter>Header Files\HAL</Filter>
    </ClInclude>
    <ClInclude Include="HAL\spinlock.h">
      <Filter>Header Files\HAL</Filter>
    </ClInclude>
    <ClInclude Include="HAL\X64\pcr.h">
      <Filter>Header Files\HAL\X64</Filter>
    </ClInclude>
    <ClInclude Include="bugcheck.h">
      <Filter>Header Files</Filter>
    </ClInclude>
    <ClInclude Include="HAL\X64\cpu.h">
      <Filter>Header Files\HAL\X64</Filter>
    </ClInclude>
    <ClInclude Include="HAL\X64\sheduler.h">
      <Filter>Header Files\HAL\X64</Filter>
    </ClInclude>
    <ClInclude Include="object.h">
      <Filter>Header Files</Filter>
    </ClInclude>
    <ClInclude Include="pool.h">
      <Filter>Header Files</Filter>
    </ClInclude>
    <ClInclude Include="klist.h">
      <Filter>Header Files</Filter>
    </ClInclude>
    <ClInclude Include="HAL\PIC.h">
      <Filter>Header Files\HAL</Filter>
    </ClInclude>
    <ClInclude Include="HAL\PIT.h">
      <Filter>Header Files\HAL</Filter>
    </ClInclude>
    <ClInclude Include="HAL\Port.h">
      <Filter>Header Files\HAL</Filter>
    </ClInclude>
    <ClInclude Include="HAL\registers.h">
      <Filter>Header Files\HAL</Filter>
    </ClInclude>
    <ClInclude Include="HAL\IDT.h">
      <Filter>Header Files\HAL</Filter>
    </ClInclude>
    <ClInclude Include="HAL\GDT.h">
      <Filter>Header Files\HAL</Filter>
    </ClInclude>
    <ClInclude Include="HAL\PCI\PCIIDE.h">
      <Filter>Header Files\HAL\PCI</Filter>
    </ClInclude>
    <ClInclude Include="HAL\PCI\PCI.h">
      <Filter>Header Files\HAL\PCI</Filter>
    </ClInclude>
    <ClInclude Include="text.h">
      <Filter>Header Files</Filter>
    </ClInclude>
    <ClInclude Include="nnxlog.h">
      <Filter>Header Files</Filter>
    </ClInclude>
    <ClInclude Include="nnxosdbg.h">
      <Filter>Header Files</Filter>
    </ClInclude>
    <ClInclude Include="nnxcfg.h">
      <Filter>Header Files</Filter>
    </ClInclude>
    <ClInclude Include="nnxllist.hpp">
      <Filter>Header Files</Filter>
    </ClInclude>
    <ClInclude Include="memory\MemoryOperations.h">
      <Filter>Header Files\memory</Filter>
    </ClInclude>
    <ClInclude Include="memory\nnxalloc.h">
      <Filter>Header Files\memory</Filter>
    </ClInclude>
    <ClInclude Include="memory\paging.h">
      <Filter>Header Files\memory</Filter>
    </ClInclude>
    <ClInclude Include="memory\physical_allocator.h">
      <Filter>Header Files\memory</Filter>
    </ClInclude>
    <ClInclude Include="video\SimpleTextIO.h">
      <Filter>Header Files\video</Filter>
    </ClInclude>
    <ClInclude Include="device\fs\vfs.h">
      <Filter>Header Files\device\fs</Filter>
    </ClInclude>
    <ClInclude Include="device\fs\mbr.h">
      <Filter>Header Files\device\fs</Filter>
    </ClInclude>
    <ClInclude Include="device\fs\gpt.h">
      <Filter>Header Files\device\fs</Filter>
    </ClInclude>
    <ClInclude Include="device\fs\fat32.h">
      <Filter>Header Files\device\fs</Filter>
    </ClInclude>
    <ClInclude Include="device\fs\fat.h">
      <Filter>Header Files\device\fs</Filter>
    </ClInclude>
    <ClInclude Include="device\hdd\hdd.h">
      <Filter>Header Files\device\hdd</Filter>
    </ClInclude>
    <ClInclude Include="device\Keyboard.h">
      <Filter>Header Files\device</Filter>
    </ClInclude>
  </ItemGroup>
  <ItemGroup>
    <CustomBuild Include="HAL\MP\ApEntry.asm">
      <Filter>Source Files\HAL\MP</Filter>
    </CustomBuild>
    <CustomBuild Include="HAL\X64\pcr.asm">
      <Filter>Source Files\HAL\X64</Filter>
    </CustomBuild>
    <CustomBuild Include="HAL\X64\spinlock.asm">
      <Filter>Source Files\HAL\X64</Filter>
    </CustomBuild>
    <CustomBuild Include="HAL\X64\thread.asm">
      <Filter>Source Files\HAL\X64</Filter>
    </CustomBuild>
    <CustomBuild Include="HAL\GDT.asm">
      <Filter>Source Files\HAL</Filter>
    </CustomBuild>
    <CustomBuild Include="HAL\IDT.asm">
      <Filter>Source Files\HAL</Filter>
    </CustomBuild>
    <CustomBuild Include="HAL\PIC.asm">
      <Filter>Source Files\HAL</Filter>
    </CustomBuild>
    <CustomBuild Include="HAL\PIT.asm">
      <Filter>Source Files\HAL</Filter>
    </CustomBuild>
    <CustomBuild Include="HAL\Port.asm">
      <Filter>Source Files\HAL</Filter>
    </CustomBuild>
    <CustomBuild Include="HAL\registers.asm">
      <Filter>Source Files\HAL</Filter>
    </CustomBuild>
    <CustomBuild Include="memory\memory.asm">
      <Filter>Source Files</Filter>
    </CustomBuild>
  </ItemGroup>
</Project>