<?xml version="1.0" encoding="utf-8"?>
<Project ToolsVersion="4.0" xmlns="http://schemas.microsoft.com/developer/msbuild/2003">
  <ItemGroup>
    <Filter Include="Source Files">
      <UniqueIdentifier>{4FC737F1-C7A5-4376-A066-2A32D752A2FF}</UniqueIdentifier>
      <Extensions>cpp;c;cc;cxx;def;odl;idl;hpj;bat;asm;asmx</Extensions>
    </Filter>
    <Filter Include="Header Files">
      <UniqueIdentifier>{93995380-89BD-4b04-88EB-625FBE52EBFB}</UniqueIdentifier>
      <Extensions>h;hh;hpp;hxx;hm;inl;inc;ipp;xsd</Extensions>
    </Filter>
    <Filter Include="Resource Files">
      <UniqueIdentifier>{67DA6AB6-F800-4c08-8B7A-83BB121AAD01}</UniqueIdentifier>
      <Extensions>rc;ico;cur;bmp;dlg;rc2;rct;bin;rgs;gif;jpg;jpeg;jpe;resx;tiff;tif;png;wav;mfcribbon-ms</Extensions>
    </Filter>
    <Filter Include="Source Files\HAL">
      <UniqueIdentifier>{c00af12d-2ebb-4970-b25e-42c6580aee17}</UniqueIdentifier>
    </Filter>
    <Filter Include="Source Files\HAL\ACPI">
      <UniqueIdentifier>{7e50c7c8-9eb6-4814-b935-9a6bc856a503}</UniqueIdentifier>
    </Filter>
    <Filter Include="Header Files\HAL">
      <UniqueIdentifier>{c2f7a760-5bec-471c-b07a-5067b9ef57e3}</UniqueIdentifier>
    </Filter>
    <Filter Include="Header Files\HAL\ACPI">
      <UniqueIdentifier>{11c3447c-9905-4af9-bedc-f7e4cd9812ec}</UniqueIdentifier>
    </Filter>
    <Filter Include="Source Files\HAL\APIC">
      <UniqueIdentifier>{55971f77-cec4-4297-99e1-7d35cff3f398}</UniqueIdentifier>
    </Filter>
    <Filter Include="Header Files\HAL\APIC">
      <UniqueIdentifier>{e2d0935f-90cf-484b-be17-4890cf632633}</UniqueIdentifier>
    </Filter>
    <Filter Include="Source Files\HAL\MP">
      <UniqueIdentifier>{450e3bfb-0c48-4e74-943d-c4ab9f0cafb8}</UniqueIdentifier>
    </Filter>
    <Filter Include="Header Files\HAL\MP">
      <UniqueIdentifier>{48a04605-c1fb-42ca-8e42-4bc32919f042}</UniqueIdentifier>
    </Filter>
  </ItemGroup>
  <ItemGroup>
    <ClCompile Include="main.cpp">
      <Filter>Source Files</Filter>
    </ClCompile>
    <ClCompile Include="HAL\ACPI\ACPI.c">
      <Filter>Source Files\HAL\ACPI</Filter>
    </ClCompile>
    <ClCompile Include="HAL\ACPI\AML.cpp">
      <Filter>Source Files\HAL\ACPI</Filter>
    </ClCompile>
    <ClCompile Include="HAL\APIC\APIC.CPP">
      <Filter>Source Files\HAL\APIC</Filter>
    </ClCompile>
    <ClCompile Include="HAL\MP\MP.cpp">
      <Filter>Source Files\HAL\MP</Filter>
    </ClCompile>
  </ItemGroup>
  <ItemGroup>
    <ClInclude Include="HAL\ACPI\AML.h">
      <Filter>Header Files\HAL\ACPI</Filter>
    </ClInclude>
    <ClInclude Include="HAL\ACPI\AMLCPP.h">
      <Filter>Header Files\HAL\ACPI</Filter>
    </ClInclude>
    <ClInclude Include="HAL\APIC\APIC.h">
      <Filter>Header Files\HAL\APIC</Filter>
    </ClInclude>
    <ClInclude Include="HAL\MP\MP.h">
      <Filter>Header Files\HAL\MP</Filter>
    </ClInclude>
  </ItemGroup>
  <ItemGroup>
    <CustomBuild Include="HAL\MP\ApEntry.asm">
      <Filter>Source Files\HAL\MP</Filter>
    </CustomBuild>
  </ItemGroup>
</Project>